
Microsoft Visual Studio Solution File, Format Version 12.00
# Visual Studio Version 17
VisualStudioVersion = 17.8.34330.188
MinimumVisualStudioVersion = 10.0.40219.1
Project("{9A19103F-16F7-4668-BE54-9A1E7A4F7556}") = "Sender", "Sender\Sender.csproj", "{E6D700BE-7E54-464F-BE72-B394D80A88B7}"
EndProject
Project("{9A19103F-16F7-4668-BE54-9A1E7A4F7556}") = "Receiver", "Receiver\Receiver.csproj", "{E9FC6B85-3CFF-4F32-9DCC-846D2CB11C40}"
EndProject
Project("{FAE04EC0-301F-11D3-BF4B-00C04F79EFBC}") = "Shared", "Shared\Shared.csproj", "{1AEA8E85-E0B7-41A5-8AD1-FDEE1ACB1331}"
EndProject
Global
	GlobalSection(SolutionConfigurationPlatforms) = preSolution
		Debug|Any CPU = Debug|Any CPU
		Release|Any CPU = Release|Any CPU
	EndGlobalSection
	GlobalSection(ProjectConfigurationPlatforms) = postSolution
		{E6D700BE-7E54-464F-BE72-B394D80A88B7}.Debug|Any CPU.ActiveCfg = Debug|Any CPU
		{E6D700BE-7E54-464F-BE72-B394D80A88B7}.Debug|Any CPU.Build.0 = Debug|Any CPU
		{E6D700BE-7E54-464F-BE72-B394D80A88B7}.Release|Any CPU.ActiveCfg = Release|Any CPU
		{E6D700BE-7E54-464F-BE72-B394D80A88B7}.Release|Any CPU.Build.0 = Release|Any CPU
		{E9FC6B85-3CFF-4F32-9DCC-846D2CB11C40}.Debug|Any CPU.ActiveCfg = Debug|Any CPU
		{E9FC6B85-3CFF-4F32-9DCC-846D2CB11C40}.Debug|Any CPU.Build.0 = Debug|Any CPU
		{E9FC6B85-3CFF-4F32-9DCC-846D2CB11C40}.Release|Any CPU.ActiveCfg = Release|Any CPU
		{E9FC6B85-3CFF-4F32-9DCC-846D2CB11C40}.Release|Any CPU.Build.0 = Release|Any CPU
		{1AEA8E85-E0B7-41A5-8AD1-FDEE1ACB1331}.Debug|Any CPU.ActiveCfg = Debug|Any CPU
		{1AEA8E85-E0B7-41A5-8AD1-FDEE1ACB1331}.Debug|Any CPU.Build.0 = Debug|Any CPU
		{1AEA8E85-E0B7-41A5-8AD1-FDEE1ACB1331}.Release|Any CPU.ActiveCfg = Release|Any CPU
		{1AEA8E85-E0B7-41A5-8AD1-FDEE1ACB1331}.Release|Any CPU.Build.0 = Release|Any CPU
	EndGlobalSection
	GlobalSection(SolutionProperties) = preSolution
		HideSolutionNode = FALSE
	EndGlobalSection
	GlobalSection(ExtensibilityGlobals) = postSolution
		SolutionGuid = {6CC31BE2-9F37-4396-8EF1-B631B6E92C46}
	EndGlobalSection
EndGlobal
